
Microsoft Visual Studio Solution File, Format Version 12.00
# Visual Studio Version 16
VisualStudioVersion = 16.0.32126.315
MinimumVisualStudioVersion = 10.0.40219.1
Project("{9A19103F-16F7-4668-BE54-9A1E7A4F7556}") = "MongoDb", "MongoDb\MongoDb.csproj", "{8AA908BD-B124-4763-88BB-AA5552A82E51}"
EndProject
Project("{9A19103F-16F7-4668-BE54-9A1E7A4F7556}") = "MongoDataAccess", "MongoDataAccess\MongoDataAccess.csproj", "{8F90799C-01A1-4DBA-AF27-CB7BC591D339}"
EndProject
Project("{9A19103F-16F7-4668-BE54-9A1E7A4F7556}") = "DapperDataAccess", "DapperDataAccess\DapperDataAccess.csproj", "{4CFD9104-624E-4DB9-B2BF-ADD7C687B2EC}"
EndProject
Project("{9A19103F-16F7-4668-BE54-9A1E7A4F7556}") = "Domain", "Domain\Domain.csproj", "{862FF68E-A253-412F-8A02-2B931CD7B218}"
EndProject
Project("{FAE04EC0-301F-11D3-BF4B-00C04F79EFBC}") = "DataCreate", "DataCreate\DataCreate.csproj", "{8FB403A6-711B-4EC0-844C-1A753766D78E}"
EndProject
Project("{FAE04EC0-301F-11D3-BF4B-00C04F79EFBC}") = "EfDataAccess", "EfDataAccess\EfDataAccess.csproj", "{11161203-9758-4204-A6D5-4B031799C928}"
EndProject
Global
	GlobalSection(SolutionConfigurationPlatforms) = preSolution
		Debug|Any CPU = Debug|Any CPU
		Release|Any CPU = Release|Any CPU
	EndGlobalSection
	GlobalSection(ProjectConfigurationPlatforms) = postSolution
		{8AA908BD-B124-4763-88BB-AA5552A82E51}.Debug|Any CPU.ActiveCfg = Debug|Any CPU
		{8AA908BD-B124-4763-88BB-AA5552A82E51}.Debug|Any CPU.Build.0 = Debug|Any CPU
		{8AA908BD-B124-4763-88BB-AA5552A82E51}.Release|Any CPU.ActiveCfg = Release|Any CPU
		{8AA908BD-B124-4763-88BB-AA5552A82E51}.Release|Any CPU.Build.0 = Release|Any CPU
		{8F90799C-01A1-4DBA-AF27-CB7BC591D339}.Debug|Any CPU.ActiveCfg = Debug|Any CPU
		{8F90799C-01A1-4DBA-AF27-CB7BC591D339}.Debug|Any CPU.Build.0 = Debug|Any CPU
		{8F90799C-01A1-4DBA-AF27-CB7BC591D339}.Release|Any CPU.ActiveCfg = Release|Any CPU
		{8F90799C-01A1-4DBA-AF27-CB7BC591D339}.Release|Any CPU.Build.0 = Release|Any CPU
		{4CFD9104-624E-4DB9-B2BF-ADD7C687B2EC}.Debug|Any CPU.ActiveCfg = Debug|Any CPU
		{4CFD9104-624E-4DB9-B2BF-ADD7C687B2EC}.Debug|Any CPU.Build.0 = Debug|Any CPU
		{4CFD9104-624E-4DB9-B2BF-ADD7C687B2EC}.Release|Any CPU.ActiveCfg = Release|Any CPU
		{4CFD9104-624E-4DB9-B2BF-ADD7C687B2EC}.Release|Any CPU.Build.0 = Release|Any CPU
		{862FF68E-A253-412F-8A02-2B931CD7B218}.Debug|Any CPU.ActiveCfg = Debug|Any CPU
		{862FF68E-A253-412F-8A02-2B931CD7B218}.Debug|Any CPU.Build.0 = Debug|Any CPU
		{862FF68E-A253-412F-8A02-2B931CD7B218}.Release|Any CPU.ActiveCfg = Release|Any CPU
		{862FF68E-A253-412F-8A02-2B931CD7B218}.Release|Any CPU.Build.0 = Release|Any CPU
		{8FB403A6-711B-4EC0-844C-1A753766D78E}.Debug|Any CPU.ActiveCfg = Debug|Any CPU
		{8FB403A6-711B-4EC0-844C-1A753766D78E}.Debug|Any CPU.Build.0 = Debug|Any CPU
		{8FB403A6-711B-4EC0-844C-1A753766D78E}.Release|Any CPU.ActiveCfg = Release|Any CPU
		{8FB403A6-711B-4EC0-844C-1A753766D78E}.Release|Any CPU.Build.0 = Release|Any CPU
		{11161203-9758-4204-A6D5-4B031799C928}.Debug|Any CPU.ActiveCfg = Debug|Any CPU
		{11161203-9758-4204-A6D5-4B031799C928}.Debug|Any CPU.Build.0 = Debug|Any CPU
		{11161203-9758-4204-A6D5-4B031799C928}.Release|Any CPU.ActiveCfg = Release|Any CPU
		{11161203-9758-4204-A6D5-4B031799C928}.Release|Any CPU.Build.0 = Release|Any CPU
	EndGlobalSection
	GlobalSection(SolutionProperties) = preSolution
		HideSolutionNode = FALSE
	EndGlobalSection
	GlobalSection(ExtensibilityGlobals) = postSolution
		SolutionGuid = {2F691847-F952-427C-B4B5-471F2A3355E7}
	EndGlobalSection
EndGlobal
